lockfileVersion: '6.0'

settings:
  autoInstallPeers: true
  excludeLinksFromLockfile: false

dependencies:
  dotenv:
    specifier: 16.3.1
    version: 16.3.1
  zod:
    specifier: 3.22.4
    version: 3.22.4

devDependencies:
  '@cloudflare/workers-types':
    specifier: 4.20231002.0
    version: 4.20231002.0
  '@types/node':
    specifier: 20.8.4
    version: 20.8.4
  typescript-esbuild:
    specifier: 0.2.14
    version: link:../TypeScriptESBuild

packages:

  /@cloudflare/workers-types@4.20231002.0:
    resolution: {integrity: sha512-gQMKf3THqAFWH426OXXfVx0gFLXiSiL2fo6mKjQYx4PU74MgmVDFh25NvpAIBK+XN+xXlrImClfYeqErXIT7jA==}
    dev: true

  /@types/node@20.8.4:
    resolution: {integrity: sha512-ZVPnqU58giiCjSxjVUESDtdPk4QR5WQhhINbc9UBrKLU68MX5BF6kbQzTrkwbolyr0X8ChBpXfavr5mZFKZQ5A==}
    dependencies:
      undici-types: 5.25.3
    dev: true

  /dotenv@16.3.1:
    resolution: {integrity: sha512-IPzF4w4/Rd94bA9imS68tZBaYyBWSCE47V1RGuMrB94iyTOIEwRmVL2x/4An+6mETpLrKJ5hQkB8W4kFAadeIQ==}
    engines: {node: '>=12'}
    dev: false

  /undici-types@5.25.3:
    resolution: {integrity: sha512-Ga1jfYwRn7+cP9v8auvEXN1rX3sWqlayd4HP7OKk4mZWylEmu3KzXDUGrQUN6Ol7qo1gPvB2e5gX6udnyEPgdA==}
    dev: true

  /zod@3.22.4:
    resolution: {integrity: sha512-iC+8Io04lddc+mVqQ9AZ7OQ2MrUKGN+oIQyq1vemgt46jwCwLfhq7/pwnBnNXXXZb8VTVLKwp9EDkx+ryxIWmg==}
    dev: false
